
Microsoft Visual Studio Solution File, Format Version 12.00
# Visual Studio Version 17
VisualStudioVersion = 17.3.32825.248
MinimumVisualStudioVersion = 10.0.40219.1
Project("{888888A0-9F3D-457C-B088-3A5042F75D52}") = "p", "p.pyproj", "{1EFAD66F-CAC0-4C46-987E-450BD42B90B9}"
EndProject
Global
	GlobalSection(SolutionConfigurationPlatforms) = preSolution
		Debug|Any CPU = Debug|Any CPU
		Release|Any CPU = Release|Any CPU
	EndGlobalSection
	GlobalSection(ProjectConfigurationPlatforms) = postSolution
		{1EFAD66F-CAC0-4C46-987E-450BD42B90B9}.Debug|Any CPU.ActiveCfg = Debug|Any CPU
		{1EFAD66F-CAC0-4C46-987E-450BD42B90B9}.Release|Any CPU.ActiveCfg = Release|Any CPU
	EndGlobalSection
	GlobalSection(SolutionProperties) = preSolution
		HideSolutionNode = FALSE
	EndGlobalSection
	GlobalSection(ExtensibilityGlobals) = postSolution
		SolutionGuid = {759BE8D3-2EBB-4919-9EEA-D9F9B29C1D7B}
	EndGlobalSection
EndGlobal
